// !$*UTF8*$!
{
	archiveVersion = 1;
	classes = {
	};
	objectVersion = 50;
	objects = {

/* Begin PBXBuildFile section */
		7F8BDE152570443400383C17 /* AppDelegate.swift in Sources */ = {isa = PBXBuildFile; fileRef = 7F8BDE142570443400383C17 /* AppDelegate.swift */; };
		7F8BDE1E2570443500383C17 /* Assets.xcassets in Resources */ = {isa = PBXBuildFile; fileRef = 7F8BDE1D2570443500383C17 /* Assets.xcassets */; };
		7F8BDE212570443500383C17 /* LaunchScreen.storyboard in Resources */ = {isa = PBXBuildFile; fileRef = 7F8BDE1F2570443500383C17 /* LaunchScreen.storyboard */; };
		7F8BDE2C2570443600383C17 /* SplitControllerTests.swift in Sources */ = {isa = PBXBuildFile; fileRef = 7F8BDE2B2570443600383C17 /* SplitControllerTests.swift */; };
		7F8BDE372570443600383C17 /* SplitControllerUITests.swift in Sources */ = {isa = PBXBuildFile; fileRef = 7F8BDE362570443600383C17 /* SplitControllerUITests.swift */; };
		7F8BDE4F257044EF00383C17 /* TimestampToString.swift in Sources */ = {isa = PBXBuildFile; fileRef = 7F8BDE4E257044EF00383C17 /* TimestampToString.swift */; };
		7F8BDE572570450D00383C17 /* AttributedString.swift in Sources */ = {isa = PBXBuildFile; fileRef = 7F8BDE562570450D00383C17 /* AttributedString.swift */; };
		7F8BDE5E2570457500383C17 /* MasterController.swift in Sources */ = {isa = PBXBuildFile; fileRef = 7F8BDE5D2570457500383C17 /* MasterController.swift */; };
		7F8BDE662570458200383C17 /* TableViewCell.swift in Sources */ = {isa = PBXBuildFile; fileRef = 7F8BDE652570458200383C17 /* TableViewCell.swift */; };
		7F8BDE6B257045A200383C17 /* DetailController.swift in Sources */ = {isa = PBXBuildFile; fileRef = 7F8BDE6A257045A200383C17 /* DetailController.swift */; };
		7F8BDE73257045C700383C17 /* ImageCache.swift in Sources */ = {isa = PBXBuildFile; fileRef = 7F8BDE72257045C700383C17 /* ImageCache.swift */; };
		7F8BDE79257045FD00383C17 /* NetworkManager.swift in Sources */ = {isa = PBXBuildFile; fileRef = 7F8BDE78257045FD00383C17 /* NetworkManager.swift */; };
		7F8BDE812570461700383C17 /* Metadata.swift in Sources */ = {isa = PBXBuildFile; fileRef = 7F8BDE802570461700383C17 /* Metadata.swift */; };
		7F8BDE86257046C200383C17 /* Master.storyboard in Resources */ = {isa = PBXBuildFile; fileRef = 7F8BDE85257046C200383C17 /* Master.storyboard */; };
		7F8BDE8B257046CD00383C17 /* Detail.storyboard in Resources */ = {isa = PBXBuildFile; fileRef = 7F8BDE8A257046CD00383C17 /* Detail.storyboard */; };
		7F8BDEE92570A1FB00383C17 /* GalleryViewController.swift in Sources */ = {isa = PBXBuildFile; fileRef = 7F8BDEE82570A1FB00383C17 /* GalleryViewController.swift */; };
		7F8BDEF12570A20C00383C17 /* CollectionViewCell.swift in Sources */ = {isa = PBXBuildFile; fileRef = 7F8BDEF02570A20C00383C17 /* CollectionViewCell.swift */; };
		7F8BDEFD2570E82700383C17 /* VideoViewController.swift in Sources */ = {isa = PBXBuildFile; fileRef = 7F8BDEFC2570E82700383C17 /* VideoViewController.swift */; };
		7F8BDF022570E83D00383C17 /* VideoCollectionViewCell.swift in Sources */ = {isa = PBXBuildFile; fileRef = 7F8BDF012570E83D00383C17 /* VideoCollectionViewCell.swift */; };
/* End PBXBuildFile section */

/* Begin PBXContainerItemProxy section */
		7F8BDE282570443600383C17 /* PBXContainerItemProxy */ = {
			isa = PBXContainerItemProxy;
			containerPortal = 7F8BDE092570443400383C17 /* Project object */;
			proxyType = 1;
			remoteGlobalIDString = 7F8BDE102570443400383C17;
			remoteInfo = SplitController;
		};
		7F8BDE332570443600383C17 /* PBXContainerItemProxy */ = {
			isa = PBXContainerItemProxy;
			containerPortal = 7F8BDE092570443400383C17 /* Project object */;
			proxyType = 1;
			remoteGlobalIDString = 7F8BDE102570443400383C17;
			remoteInfo = SplitController;
		};
/* End PBXContainerItemProxy section */

/* Begin PBXFileReference section */
		7F8BDE112570443400383C17 /* SplitController.app */ = {isa = PBXFileReference; explicitFileType = wrapper.application; includeInIndex = 0; path = SplitController.app; sourceTree = BUILT_PRODUCTS_DIR; };
		7F8BDE142570443400383C17 /* AppDelegate.swift */ = {isa = PBXFileReference; lastKnownFileType = sourcecode.swift; path = AppDelegate.swift; sourceTree = "<group>"; };
		7F8BDE1D2570443500383C17 /* Assets.xcassets */ = {isa = PBXFileReference; lastKnownFileType = folder.assetcatalog; path = Assets.xcassets; sourceTree = "<group>"; };
		7F8BDE202570443500383C17 /* Base */ = {isa = PBXFileReference; lastKnownFileType = file.storyboard; name = Base; path = Base.lproj/LaunchScreen.storyboard; sourceTree = "<group>"; };
		7F8BDE222570443500383C17 /* Info.plist */ = {isa = PBXFileReference; lastKnownFileType = text.plist.xml; path = Info.plist; sourceTree = "<group>"; };
		7F8BDE272570443600383C17 /* SplitControllerTests.xctest */ = {isa = PBXFileReference; explicitFileType = wrapper.cfbundle; includeInIndex = 0; path = SplitControllerTests.xctest; sourceTree = BUILT_PRODUCTS_DIR; };
		7F8BDE2B2570443600383C17 /* SplitControllerTests.swift */ = {isa = PBXFileReference; lastKnownFileType = sourcecode.swift; path = SplitControllerTests.swift; sourceTree = "<group>"; };
		7F8BDE2D2570443600383C17 /* Info.plist */ = {isa = PBXFileReference; lastKnownFileType = text.plist.xml; path = Info.plist; sourceTree = "<group>"; };
		7F8BDE322570443600383C17 /* SplitControllerUITests.xctest */ = {isa = PBXFileReference; explicitFileType = wrapper.cfbundle; includeInIndex = 0; path = SplitControllerUITests.xctest; sourceTree = BUILT_PRODUCTS_DIR; };
		7F8BDE362570443600383C17 /* SplitControllerUITests.swift */ = {isa = PBXFileReference; lastKnownFileType = sourcecode.swift; path = SplitControllerUITests.swift; sourceTree = "<group>"; };
		7F8BDE382570443600383C17 /* Info.plist */ = {isa = PBXFileReference; lastKnownFileType = text.plist.xml; path = Info.plist; sourceTree = "<group>"; };
		7F8BDE4E257044EF00383C17 /* TimestampToString.swift */ = {isa = PBXFileReference; lastKnownFileType = sourcecode.swift; path = TimestampToString.swift; sourceTree = "<group>"; };
		7F8BDE562570450D00383C17 /* AttributedString.swift */ = {isa = PBXFileReference; lastKnownFileType = sourcecode.swift; path = AttributedString.swift; sourceTree = "<group>"; };
		7F8BDE5D2570457500383C17 /* MasterController.swift */ = {isa = PBXFileReference; lastKnownFileType = sourcecode.swift; path = MasterController.swift; sourceTree = "<group>"; };
		7F8BDE652570458200383C17 /* TableViewCell.swift */ = {isa = PBXFileReference; lastKnownFileType = sourcecode.swift; path = TableViewCell.swift; sourceTree = "<group>"; };
		7F8BDE6A257045A200383C17 /* DetailController.swift */ = {isa = PBXFileReference; lastKnownFileType = sourcecode.swift; path = DetailController.swift; sourceTree = "<group>"; };
		7F8BDE72257045C700383C17 /* ImageCache.swift */ = {isa = PBXFileReference; lastKnownFileType = sourcecode.swift; path = ImageCache.swift; sourceTree = "<group>"; };
		7F8BDE78257045FD00383C17 /* NetworkManager.swift */ = {isa = PBXFileReference; lastKnownFileType = sourcecode.swift; path = NetworkManager.swift; sourceTree = "<group>"; };
		7F8BDE802570461700383C17 /* Metadata.swift */ = {isa = PBXFileReference; lastKnownFileType = sourcecode.swift; path = Metadata.swift; sourceTree = "<group>"; };
		7F8BDE85257046C200383C17 /* Master.storyboard */ = {isa = PBXFileReference; lastKnownFileType = file.storyboard; path = Master.storyboard; sourceTree = "<group>"; };
		7F8BDE8A257046CD00383C17 /* Detail.storyboard */ = {isa = PBXFileReference; lastKnownFileType = file.storyboard; path = Detail.storyboard; sourceTree = "<group>"; };
		7F8BDEE82570A1FB00383C17 /* GalleryViewController.swift */ = {isa = PBXFileReference; lastKnownFileType = sourcecode.swift; path = GalleryViewController.swift; sourceTree = "<group>"; };
		7F8BDEF02570A20C00383C17 /* CollectionViewCell.swift */ = {isa = PBXFileReference; lastKnownFileType = sourcecode.swift; path = CollectionViewCell.swift; sourceTree = "<group>"; };
		7F8BDEFC2570E82700383C17 /* VideoViewController.swift */ = {isa = PBXFileReference; lastKnownFileType = sourcecode.swift; path = VideoViewController.swift; sourceTree = "<group>"; };
		7F8BDF012570E83D00383C17 /* VideoCollectionViewCell.swift */ = {isa = PBXFileReference; lastKnownFileType = sourcecode.swift; path = VideoCollectionViewCell.swift; sourceTree = "<group>"; };
/* End PBXFileReference section */

/* Begin PBXFrameworksBuildPhase section */
		7F8BDE0E2570443400383C17 /* Frameworks */ = {
			isa = PBXFrameworksBuildPhase;
			buildActionMask = 2147483647;
			files = (
			);
			runOnlyForDeploymentPostprocessing = 0;
		};
		7F8BDE242570443600383C17 /* Frameworks */ = {
			isa = PBXFrameworksBuildPhase;
			buildActionMask = 2147483647;
			files = (
			);
			runOnlyForDeploymentPostprocessing = 0;
		};
		7F8BDE2F2570443600383C17 /* Frameworks */ = {
			isa = PBXFrameworksBuildPhase;
			buildActionMask = 2147483647;
			files = (
			);
			runOnlyForDeploymentPostprocessing = 0;
		};
/* End PBXFrameworksBuildPhase section */

/* Begin PBXGroup section */
		7F8BDE082570443400383C17 = {
			isa = PBXGroup;
			children = (
				7F8BDE4D257044AD00383C17 /* Extensions */,
				7F8BDE132570443400383C17 /* SplitController */,
				7F8BDE2A2570443600383C17 /* SplitControllerTests */,
				7F8BDE352570443600383C17 /* SplitControllerUITests */,
				7F8BDE122570443400383C17 /* Products */,
			);
			sourceTree = "<group>";
		};
		7F8BDE122570443400383C17 /* Products */ = {
			isa = PBXGroup;
			children = (
				7F8BDE112570443400383C17 /* SplitController.app */,
				7F8BDE272570443600383C17 /* SplitControllerTests.xctest */,
				7F8BDE322570443600383C17 /* SplitControllerUITests.xctest */,
			);
			name = Products;
			sourceTree = "<group>";
		};
		7F8BDE132570443400383C17 /* SplitController */ = {
			isa = PBXGroup;
			children = (
				7F8BDE142570443400383C17 /* AppDelegate.swift */,
				7F8BDE5B2570453F00383C17 /* MasterController */,
				7F8BDE5C2570454B00383C17 /* DetailController */,
				7F8BDEE72570A1C600383C17 /* GalleryViewController */,
				7F8BDEF82570E3F600383C17 /* VideoViewController */,
				7F8BDE77257045E600383C17 /* NetworkManager */,
				7F8BDE1D2570443500383C17 /* Assets.xcassets */,
				7F8BDE1F2570443500383C17 /* LaunchScreen.storyboard */,
				7F8BDE222570443500383C17 /* Info.plist */,
			);
			path = SplitController;
			sourceTree = "<group>";
		};
		7F8BDE2A2570443600383C17 /* SplitControllerTests */ = {
			isa = PBXGroup;
			children = (
				7F8BDE2B2570443600383C17 /* SplitControllerTests.swift */,
				7F8BDE2D2570443600383C17 /* Info.plist */,
			);
			path = SplitControllerTests;
			sourceTree = "<group>";
		};
		7F8BDE352570443600383C17 /* SplitControllerUITests */ = {
			isa = PBXGroup;
			children = (
				7F8BDE362570443600383C17 /* SplitControllerUITests.swift */,
				7F8BDE382570443600383C17 /* Info.plist */,
			);
			path = SplitControllerUITests;
			sourceTree = "<group>";
		};
		7F8BDE4D257044AD00383C17 /* Extensions */ = {
			isa = PBXGroup;
			children = (
				7F8BDE4E257044EF00383C17 /* TimestampToString.swift */,
				7F8BDE72257045C700383C17 /* ImageCache.swift */,
				7F8BDE562570450D00383C17 /* AttributedString.swift */,
			);
			path = Extensions;
			sourceTree = "<group>";
		};
		7F8BDE5B2570453F00383C17 /* MasterController */ = {
			isa = PBXGroup;
			children = (
				7F8BDE5D2570457500383C17 /* MasterController.swift */,
				7F8BDE652570458200383C17 /* TableViewCell.swift */,
				7F8BDE85257046C200383C17 /* Master.storyboard */,
			);
			path = MasterController;
			sourceTree = "<group>";
		};
		7F8BDE5C2570454B00383C17 /* DetailController */ = {
			isa = PBXGroup;
			children = (
				7F8BDE6A257045A200383C17 /* DetailController.swift */,
				7F8BDE8A257046CD00383C17 /* Detail.storyboard */,
			);
			path = DetailController;
			sourceTree = "<group>";
		};
		7F8BDE77257045E600383C17 /* NetworkManager */ = {
			isa = PBXGroup;
			children = (
				7F8BDE78257045FD00383C17 /* NetworkManager.swift */,
				7F8BDE802570461700383C17 /* Metadata.swift */,
			);
			path = NetworkManager;
			sourceTree = "<group>";
		};
		7F8BDEE72570A1C600383C17 /* GalleryViewController */ = {
			isa = PBXGroup;
			children = (
				7F8BDEE82570A1FB00383C17 /* GalleryViewController.swift */,
				7F8BDEF02570A20C00383C17 /* CollectionViewCell.swift */,
			);
			path = GalleryViewController;
			sourceTree = "<group>";
		};
		7F8BDEF82570E3F600383C17 /* VideoViewController */ = {
			isa = PBXGroup;
			children = (
				7F8BDEFC2570E82700383C17 /* VideoViewController.swift */,
				7F8BDF012570E83D00383C17 /* VideoCollectionViewCell.swift */,
			);
			path = VideoViewController;
			sourceTree = "<group>";
		};
/* End PBXGroup section */

/* Begin PBXNativeTarget section */
		7F8BDE102570443400383C17 /* SplitController */ = {
			isa = PBXNativeTarget;
			buildConfigurationList = 7F8BDE3B2570443600383C17 /* Build configuration list for PBXNativeTarget "SplitController" */;
			buildPhases = (
				7F8BDE0D2570443400383C17 /* Sources */,
				7F8BDE0E2570443400383C17 /* Frameworks */,
				7F8BDE0F2570443400383C17 /* Resources */,
			);
			buildRules = (
			);
			dependencies = (
			);
			name = SplitController;
			productName = SplitController;
			productReference = 7F8BDE112570443400383C17 /* SplitController.app */;
			productType = "com.apple.product-type.application";
		};
		7F8BDE262570443600383C17 /* SplitControllerTests */ = {
			isa = PBXNativeTarget;
			buildConfigurationList = 7F8BDE3E2570443600383C17 /* Build configuration list for PBXNativeTarget "SplitControllerTests" */;
			buildPhases = (
				7F8BDE232570443600383C17 /* Sources */,
				7F8BDE242570443600383C17 /* Frameworks */,
				7F8BDE252570443600383C17 /* Resources */,
			);
			buildRules = (
			);
			dependencies = (
				7F8BDE292570443600383C17 /* PBXTargetDependency */,
			);
			name = SplitControllerTests;
			productName = SplitControllerTests;
			productReference = 7F8BDE272570443600383C17 /* SplitControllerTests.xctest */;
			productType = "com.apple.product-type.bundle.unit-test";
		};
		7F8BDE312570443600383C17 /* SplitControllerUITests */ = {
			isa = PBXNativeTarget;
			buildConfigurationList = 7F8BDE412570443600383C17 /* Build configuration list for PBXNativeTarget "SplitControllerUITests" */;
			buildPhases = (
				7F8BDE2E2570443600383C17 /* Sources */,
				7F8BDE2F2570443600383C17 /* Frameworks */,
				7F8BDE302570443600383C17 /* Resources */,
			);
			buildRules = (
			);
			dependencies = (
				7F8BDE342570443600383C17 /* PBXTargetDependency */,
			);
			name = SplitControllerUITests;
			productName = SplitControllerUITests;
			productReference = 7F8BDE322570443600383C17 /* SplitControllerUITests.xctest */;
			productType = "com.apple.product-type.bundle.ui-testing";
		};
/* End PBXNativeTarget section */

/* Begin PBXProject section */
		7F8BDE092570443400383C17 /* Project object */ = {
			isa = PBXProject;
			attributes = {
				LastSwiftUpdateCheck = 1220;
				LastUpgradeCheck = 1220;
				TargetAttributes = {
					7F8BDE102570443400383C17 = {
						CreatedOnToolsVersion = 12.2;
					};
					7F8BDE262570443600383C17 = {
						CreatedOnToolsVersion = 12.2;
						TestTargetID = 7F8BDE102570443400383C17;
					};
					7F8BDE312570443600383C17 = {
						CreatedOnToolsVersion = 12.2;
						TestTargetID = 7F8BDE102570443400383C17;
					};
				};
			};
			buildConfigurationList = 7F8BDE0C2570443400383C17 /* Build configuration list for PBXProject "SplitController" */;
			compatibilityVersion = "Xcode 9.3";
			developmentRegion = en;
			hasScannedForEncodings = 0;
			knownRegions = (
				en,
				Base,
			);
			mainGroup = 7F8BDE082570443400383C17;
			productRefGroup = 7F8BDE122570443400383C17 /* Products */;
			projectDirPath = "";
			projectRoot = "";
			targets = (
				7F8BDE102570443400383C17 /* SplitController */,
				7F8BDE262570443600383C17 /* SplitControllerTests */,
				7F8BDE312570443600383C17 /* SplitControllerUITests */,
			);
		};
/* End PBXProject section */

/* Begin PBXResourcesBuildPhase section */
		7F8BDE0F2570443400383C17 /* Resources */ = {
			isa = PBXResourcesBuildPhase;
			buildActionMask = 2147483647;
			files = (
				7F8BDE86257046C200383C17 /* Master.storyboard in Resources */,
				7F8BDE212570443500383C17 /* LaunchScreen.storyboard in Resources */,
				7F8BDE1E2570443500383C17 /* Assets.xcassets in Resources */,
				7F8BDE8B257046CD00383C17 /* Detail.storyboard in Resources */,
			);
			runOnlyForDeploymentPostprocessing = 0;
		};
		7F8BDE252570443600383C17 /* Resources */ = {
			isa = PBXResourcesBuildPhase;
			buildActionMask = 2147483647;
			files = (
			);
			runOnlyForDeploymentPostprocessing = 0;
		};
		7F8BDE302570443600383C17 /* Resources */ = {
			isa = PBXResourcesBuildPhase;
			buildActionMask = 2147483647;
			files = (
			);
			runOnlyForDeploymentPostprocessing = 0;
		};
/* End PBXResourcesBuildPhase section */

/* Begin PBXSourcesBuildPhase section */
		7F8BDE0D2570443400383C17 /* Sources */ = {
			isa = PBXSourcesBuildPhase;
			buildActionMask = 2147483647;
			files = (
				7F8BDE662570458200383C17 /* TableViewCell.swift in Sources */,
				7F8BDE572570450D00383C17 /* AttributedString.swift in Sources */,
				7F8BDF022570E83D00383C17 /* VideoCollectionViewCell.swift in Sources */,
				7F8BDEFD2570E82700383C17 /* VideoViewController.swift in Sources */,
				7F8BDE5E2570457500383C17 /* MasterController.swift in Sources */,
				7F8BDE4F257044EF00383C17 /* TimestampToString.swift in Sources */,
				7F8BDE79257045FD00383C17 /* NetworkManager.swift in Sources */,
				7F8BDE6B257045A200383C17 /* DetailController.swift in Sources */,
				7F8BDE73257045C700383C17 /* ImageCache.swift in Sources */,
				7F8BDEE92570A1FB00383C17 /* GalleryViewController.swift in Sources */,
				7F8BDE812570461700383C17 /* Metadata.swift in Sources */,
				7F8BDE152570443400383C17 /* AppDelegate.swift in Sources */,
				7F8BDEF12570A20C00383C17 /* CollectionViewCell.swift in Sources */,
			);
			runOnlyForDeploymentPostprocessing = 0;
		};
		7F8BDE232570443600383C17 /* Sources */ = {
			isa = PBXSourcesBuildPhase;
			buildActionMask = 2147483647;
			files = (
				7F8BDE2C2570443600383C17 /* SplitControllerTests.swift in Sources */,
			);
			runOnlyForDeploymentPostprocessing = 0;
		};
		7F8BDE2E2570443600383C17 /* Sources */ = {
			isa = PBXSourcesBuildPhase;
			buildActionMask = 2147483647;
			files = (
				7F8BDE372570443600383C17 /* SplitControllerUITests.swift in Sources */,
			);
			runOnlyForDeploymentPostprocessing = 0;
		};
/* End PBXSourcesBuildPhase section */

/* Begin PBXTargetDependency section */
		7F8BDE292570443600383C17 /* PBXTargetDependency */ = {
			isa = PBXTargetDependency;
			target = 7F8BDE102570443400383C17 /* SplitController */;
			targetProxy = 7F8BDE282570443600383C17 /* PBXContainerItemProxy */;
		};
		7F8BDE342570443600383C17 /* PBXTargetDependency */ = {
			isa = PBXTargetDependency;
			target = 7F8BDE102570443400383C17 /* SplitController */;
			targetProxy = 7F8BDE332570443600383C17 /* PBXContainerItemProxy */;
		};
/* End PBXTargetDependency section */

/* Begin PBXVariantGroup section */
		7F8BDE1F2570443500383C17 /* LaunchScreen.storyboard */ = {
			isa = PBXVariantGroup;
			children = (
				7F8BDE202570443500383C17 /* Base */,
			);
			name = LaunchScreen.storyboard;
			sourceTree = "<group>";
		};
/* End PBXVariantGroup section */

/* Begin XCBuildConfiguration section */
		7F8BDE392570443600383C17 /* Debug */ = {
			isa = XCBuildConfiguration;
			buildSettings = {
				ALWAYS_SEARCH_USER_PATHS = NO;
				CLANG_ANALYZER_NONNULL = YES;
				CLANG_ANALYZER_NUMBER_OBJECT_CONVERSION = YES_AGGRESSIVE;
				CLANG_CXX_LANGUAGE_STANDARD = "gnu++14";
				CLANG_CXX_LIBRARY = "libc++";
				CLANG_ENABLE_MODULES = YES;
				CLANG_ENABLE_OBJC_ARC = YES;
				CLANG_ENABLE_OBJC_WEAK = YES;
				CLANG_WARN_BLOCK_CAPTURE_AUTORELEASING = YES;
				CLANG_WARN_BOOL_CONVERSION = YES;
				CLANG_WARN_COMMA = YES;
				CLANG_WARN_CONSTANT_CONVERSION = YES;
				CLANG_WARN_DEPRECATED_OBJC_IMPLEMENTATIONS = YES;
				CLANG_WARN_DIRECT_OBJC_ISA_USAGE = YES_ERROR;
				CLANG_WARN_DOCUMENTATION_COMMENTS = YES;
				CLANG_WARN_EMPTY_BODY = YES;
				CLANG_WARN_ENUM_CONVERSION = YES;
				CLANG_WARN_INFINITE_RECURSION = YES;
				CLANG_WARN_INT_CONVERSION = YES;
				CLANG_WARN_NON_LITERAL_NULL_CONVERSION = YES;
				CLANG_WARN_OBJC_IMPLICIT_RETAIN_SELF = YES;
				CLANG_WARN_OBJC_LITERAL_CONVERSION = YES;
				CLANG_WARN_OBJC_ROOT_CLASS = YES_ERROR;
				CLANG_WARN_QUOTED_INCLUDE_IN_FRAMEWORK_HEADER = YES;
				CLANG_WARN_RANGE_LOOP_ANALYSIS = YES;
				CLANG_WARN_STRICT_PROTOTYPES = YES;
				CLANG_WARN_SUSPICIOUS_MOVE = YES;
				CLANG_WARN_UNGUARDED_AVAILABILITY = YES_AGGRESSIVE;
				CLANG_WARN_UNREACHABLE_CODE = YES;
				CLANG_WARN__DUPLICATE_METHOD_MATCH = YES;
				COPY_PHASE_STRIP = NO;
				DEBUG_INFORMATION_FORMAT = dwarf;
				ENABLE_STRICT_OBJC_MSGSEND = YES;
				ENABLE_TESTABILITY = YES;
				GCC_C_LANGUAGE_STANDARD = gnu11;
				GCC_DYNAMIC_NO_PIC = NO;
				GCC_NO_COMMON_BLOCKS = YES;
				GCC_OPTIMIZATION_LEVEL = 0;
				GCC_PREPROCESSOR_DEFINITIONS = (
					"DEBUG=1",
					"$(inherited)",
				);
				GCC_WARN_64_TO_32_BIT_CONVERSION = YES;
				GCC_WARN_ABOUT_RETURN_TYPE = YES_ERROR;
				GCC_WARN_UNDECLARED_SELECTOR = YES;
				GCC_WARN_UNINITIALIZED_AUTOS = YES_AGGRESSIVE;
				GCC_WARN_UNUSED_FUNCTION = YES;
				GCC_WARN_UNUSED_VARIABLE = YES;
				IPHONEOS_DEPLOYMENT_TARGET = 14.2;
				MTL_ENABLE_DEBUG_INFO = INCLUDE_SOURCE;
				MTL_FAST_MATH = YES;
				ONLY_ACTIVE_ARCH = YES;
				SDKROOT = iphoneos;
				SWIFT_ACTIVE_COMPILATION_CONDITIONS = DEBUG;
				SWIFT_OPTIMIZATION_LEVEL = "-Onone";
			};
			name = Debug;
		};
		7F8BDE3A2570443600383C17 /* Release */ = {
			isa = XCBuildConfiguration;
			buildSettings = {
				ALWAYS_SEARCH_USER_PATHS = NO;
				CLANG_ANALYZER_NONNULL = YES;
				CLANG_ANALYZER_NUMBER_OBJECT_CONVERSION = YES_AGGRESSIVE;
				CLANG_CXX_LANGUAGE_STANDARD = "gnu++14";
				CLANG_CXX_LIBRARY = "libc++";
				CLANG_ENABLE_MODULES = YES;
				CLANG_ENABLE_OBJC_ARC = YES;
				CLANG_ENABLE_OBJC_WEAK = YES;
				CLANG_WARN_BLOCK_CAPTURE_AUTORELEASING = YES;
				CLANG_WARN_BOOL_CONVERSION = YES;
				CLANG_WARN_COMMA = YES;
				CLANG_WARN_CONSTANT_CONVERSION = YES;
				CLANG_WARN_DEPRECATED_OBJC_IMPLEMENTATIONS = YES;
				CLANG_WARN_DIRECT_OBJC_ISA_USAGE = YES_ERROR;
				CLANG_WARN_DOCUMENTATION_COMMENTS = YES;
				CLANG_WARN_EMPTY_BODY = YES;
				CLANG_WARN_ENUM_CONVERSION = YES;
				CLANG_WARN_INFINITE_RECURSION = YES;
				CLANG_WARN_INT_CONVERSION = YES;
				CLANG_WARN_NON_LITERAL_NULL_CONVERSION = YES;
				CLANG_WARN_OBJC_IMPLICIT_RETAIN_SELF = YES;
				CLANG_WARN_OBJC_LITERAL_CONVERSION = YES;
				CLANG_WARN_OBJC_ROOT_CLASS = YES_ERROR;
				CLANG_WARN_QUOTED_INCLUDE_IN_FRAMEWORK_HEADER = YES;
				CLANG_WARN_RANGE_LOOP_ANALYSIS = YES;
				CLANG_WARN_STRICT_PROTOTYPES = YES;
				CLANG_WARN_SUSPICIOUS_MOVE = YES;
				CLANG_WARN_UNGUARDED_AVAILABILITY = YES_AGGRESSIVE;
				CLANG_WARN_UNREACHABLE_CODE = YES;
				CLANG_WARN__DUPLICATE_METHOD_MATCH = YES;
				COPY_PHASE_STRIP = NO;
				DEBUG_INFORMATION_FORMAT = "dwarf-with-dsym";
				ENABLE_NS_ASSERTIONS = NO;
				ENABLE_STRICT_OBJC_MSGSEND = YES;
				GCC_C_LANGUAGE_STANDARD = gnu11;
				GCC_NO_COMMON_BLOCKS = YES;
				GCC_WARN_64_TO_32_BIT_CONVERSION = YES;
				GCC_WARN_ABOUT_RETURN_TYPE = YES_ERROR;
				GCC_WARN_UNDECLARED_SELECTOR = YES;
				GCC_WARN_UNINITIALIZED_AUTOS = YES_AGGRESSIVE;
				GCC_WARN_UNUSED_FUNCTION = YES;
				GCC_WARN_UNUSED_VARIABLE = YES;
				IPHONEOS_DEPLOYMENT_TARGET = 14.2;
				MTL_ENABLE_DEBUG_INFO = NO;
				MTL_FAST_MATH = YES;
				SDKROOT = iphoneos;
				SWIFT_COMPILATION_MODE = wholemodule;
				SWIFT_OPTIMIZATION_LEVEL = "-O";
				VALIDATE_PRODUCT = YES;
			};
			name = Release;
		};
		7F8BDE3C2570443600383C17 /* Debug */ = {
			isa = XCBuildConfiguration;
			buildSettings = {
				ASSETCATALOG_COMPILER_APPICON_NAME = AppIcon;
				ASSETCATALOG_COMPILER_GLOBAL_ACCENT_COLOR_NAME = AccentColor;
				CODE_SIGN_STYLE = Automatic;
				DEVELOPMENT_TEAM = BB92D46UC3;
				INFOPLIST_FILE = SplitController/Info.plist;
				LD_RUNPATH_SEARCH_PATHS = (
					"$(inherited)",
					"@executable_path/Frameworks",
				);
				PRODUCT_BUNDLE_IDENTIFIER = a.SplitController;
				PRODUCT_NAME = "$(TARGET_NAME)";
				SWIFT_VERSION = 5.0;
				TARGETED_DEVICE_FAMILY = "1,2";
			};
			name = Debug;
		};
		7F8BDE3D2570443600383C17 /* Release */ = {
			isa = XCBuildConfiguration;
			buildSettings = {
				ASSETCATALOG_COMPILER_APPICON_NAME = AppIcon;
				ASSETCATALOG_COMPILER_GLOBAL_ACCENT_COLOR_NAME = AccentColor;
				CODE_SIGN_STYLE = Automatic;
				DEVELOPMENT_TEAM = BB92D46UC3;
				INFOPLIST_FILE = SplitController/Info.plist;
				LD_RUNPATH_SEARCH_PATHS = (
					"$(inherited)",
					"@executable_path/Frameworks",
				);
				PRODUCT_BUNDLE_IDENTIFIER = a.SplitController;
				PRODUCT_NAME = "$(TARGET_NAME)";
				SWIFT_VERSION = 5.0;
				TARGETED_DEVICE_FAMILY = "1,2";
			};
			name = Release;
		};
		7F8BDE3F2570443600383C17 /* Debug */ = {
			isa = XCBuildConfiguration;
			buildSettings = {
				ALWAYS_EMBED_SWIFT_STANDARD_LIBRARIES = YES;
				BUNDLE_LOADER = "$(TEST_HOST)";
				CODE_SIGN_STYLE = Automatic;
				DEVELOPMENT_TEAM = BB92D46UC3;
				INFOPLIST_FILE = SplitControllerTests/Info.plist;
				IPHONEOS_DEPLOYMENT_TARGET = 14.2;
				LD_RUNPATH_SEARCH_PATHS = (
					"$(inherited)",
					"@executable_path/Frameworks",
					"@loader_path/Frameworks",
				);
				PRODUCT_BUNDLE_IDENTIFIER = a.SplitControllerTests;
				PRODUCT_NAME = "$(TARGET_NAME)";
				SWIFT_VERSION = 5.0;
				TARGETED_DEVICE_FAMILY = "1,2";
				TEST_HOST = "$(BUILT_PRODUCTS_DIR)/SplitController.app/SplitController";
			};
			name = Debug;
		};
		7F8BDE402570443600383C17 /* Release */ = {
			isa = XCBuildConfiguration;
			buildSettings = {
				ALWAYS_EMBED_SWIFT_STANDARD_LIBRARIES = YES;
				BUNDLE_LOADER = "$(TEST_HOST)";
				CODE_SIGN_STYLE = Automatic;
				DEVELOPMENT_TEAM = BB92D46UC3;
				INFOPLIST_FILE = SplitControllerTests/Info.plist;
				IPHONEOS_DEPLOYMENT_TARGET = 14.2;
				LD_RUNPATH_SEARCH_PATHS = (
					"$(inherited)",
					"@executable_path/Frameworks",
					"@loader_path/Frameworks",
				);
				PRODUCT_BUNDLE_IDENTIFIER = a.SplitControllerTests;
				PRODUCT_NAME = "$(TARGET_NAME)";
				SWIFT_VERSION = 5.0;
				TARGETED_DEVICE_FAMILY = "1,2";
				TEST_HOST = "$(BUILT_PRODUCTS_DIR)/SplitController.app/SplitController";
			};
			name = Release;
		};
		7F8BDE422570443600383C17 /* Debug */ = {
			isa = XCBuildConfiguration;
			buildSettings = {
				ALWAYS_EMBED_SWIFT_STANDARD_LIBRARIES = YES;
				CODE_SIGN_STYLE = Automatic;
				DEVELOPMENT_TEAM = BB92D46UC3;
				INFOPLIST_FILE = SplitControllerUITests/Info.plist;
				LD_RUNPATH_SEARCH_PATHS = (
					"$(inherited)",
					"@executable_path/Frameworks",
					"@loader_path/Frameworks",
				);
				PRODUCT_BUNDLE_IDENTIFIER = a.SplitControllerUITests;
				PRODUCT_NAME = "$(TARGET_NAME)";
				SWIFT_VERSION = 5.0;
				TARGETED_DEVICE_FAMILY = "1,2";
				TEST_TARGET_NAME = SplitController;
			};
			name = Debug;
		};
		7F8BDE432570443600383C17 /* Release */ = {
			isa = XCBuildConfiguration;
			buildSettings = {
				ALWAYS_EMBED_SWIFT_STANDARD_LIBRARIES = YES;
				CODE_SIGN_STYLE = Automatic;
				DEVELOPMENT_TEAM = BB92D46UC3;
				INFOPLIST_FILE = SplitControllerUITests/Info.plist;
				LD_RUNPATH_SEARCH_PATHS = (
					"$(inherited)",
					"@executable_path/Frameworks",
					"@loader_path/Frameworks",
				);
				PRODUCT_BUNDLE_IDENTIFIER = a.SplitControllerUITests;
				PRODUCT_NAME = "$(TARGET_NAME)";
				SWIFT_VERSION = 5.0;
				TARGETED_DEVICE_FAMILY = "1,2";
				TEST_TARGET_NAME = SplitController;
			};
			name = Release;
		};
/* End XCBuildConfiguration section */

/* Begin XCConfigurationList section */
		7F8BDE0C2570443400383C17 /* Build configuration list for PBXProject "SplitController" */ = {
			isa = XCConfigurationList;
			buildConfigurations = (
				7F8BDE392570443600383C17 /* Debug */,
				7F8BDE3A2570443600383C17 /* Release */,
			);
			defaultConfigurationIsVisible = 0;
			defaultConfigurationName = Release;
		};
		7F8BDE3B2570443600383C17 /* Build configuration list for PBXNativeTarget "SplitController" */ = {
			isa = XCConfigurationList;
			buildConfigurations = (
				7F8BDE3C2570443600383C17 /* Debug */,
				7F8BDE3D2570443600383C17 /* Release */,
			);
			defaultConfigurationIsVisible = 0;
			defaultConfigurationName = Release;
		};
		7F8BDE3E2570443600383C17 /* Build configuration list for PBXNativeTarget "SplitControllerTests" */ = {
			isa = XCConfigurationList;
			buildConfigurations = (
				7F8BDE3F2570443600383C17 /* Debug */,
				7F8BDE402570443600383C17 /* Release */,
			);
			defaultConfigurationIsVisible = 0;
			defaultConfigurationName = Release;
		};
		7F8BDE412570443600383C17 /* Build configuration list for PBXNativeTarget "SplitControllerUITests" */ = {
			isa = XCConfigurationList;
			buildConfigurations = (
				7F8BDE422570443600383C17 /* Debug */,
				7F8BDE432570443600383C17 /* Release */,
			);
			defaultConfigurationIsVisible = 0;
			defaultConfigurationName = Release;
		};
/* End XCConfigurationList section */
	};
	rootObject = 7F8BDE092570443400383C17 /* Project object */;
}
